// !$*UTF8*$!
{
	archiveVersion = 1;
	classes = {
	};
	objectVersion = 46;
	objects = {

/* Begin PBXBuildFile section */
		262861F31D781D7B004FBBC5 /* main.m in Sources */ = {isa = PBXBuildFile; fileRef = 262861F21D781D7B004FBBC5 /* main.m */; };
		262861F61D781D7B004FBBC5 /* AppDelegate.m in Sources */ = {isa = PBXBuildFile; fileRef = 262861F51D781D7B004FBBC5 /* AppDelegate.m */; };
		262861F91D781D7B004FBBC5 /* ViewController.m in Sources */ = {isa = PBXBuildFile; fileRef = 262861F81D781D7B004FBBC5 /* ViewController.m */; };
		262861FC1D781D7B004FBBC5 /* Main.storyboard in Resources */ = {isa = PBXBuildFile; fileRef = 262861FA1D781D7B004FBBC5 /* Main.storyboard */; };
		262861FE1D781D7B004FBBC5 /* Assets.xcassets in Resources */ = {isa = PBXBuildFile; fileRef = 262861FD1D781D7B004FBBC5 /* Assets.xcassets */; };
		262862011D781D7B004FBBC5 /* LaunchScreen.storyboard in Resources */ = {isa = PBXBuildFile; fileRef = 262861FF1D781D7B004FBBC5 /* LaunchScreen.storyboard */; };
		2628620C1D781D7B004FBBC5 /* zaragozaTests.m in Sources */ = {isa = PBXBuildFile; fileRef = 2628620B1D781D7B004FBBC5 /* zaragozaTests.m */; };
		262862171D781D7B004FBBC5 /* zaragozaUITests.m in Sources */ = {isa = PBXBuildFile; fileRef = 262862161D781D7B004FBBC5 /* zaragozaUITests.m */; };
		DE95BEC29BEFFA6040DE21C7 /* libPods-zaragoza.a in Frameworks */ = {isa = PBXBuildFile; fileRef = 285F8E3FB3DD02E0ABC6376D /* libPods-zaragoza.a */; };
/* End PBXBuildFile section */

/* Begin PBXContainerItemProxy section */
		262862081D781D7B004FBBC5 /* PBXContainerItemProxy */ = {
			isa = PBXContainerItemProxy;
			containerPortal = 262861E61D781D7B004FBBC5 /* Project object */;
			proxyType = 1;
			remoteGlobalIDString = 262861ED1D781D7B004FBBC5;
			remoteInfo = zaragoza;
		};
		262862131D781D7B004FBBC5 /* PBXContainerItemProxy */ = {
			isa = PBXContainerItemProxy;
			containerPortal = 262861E61D781D7B004FBBC5 /* Project object */;
			proxyType = 1;
			remoteGlobalIDString = 262861ED1D781D7B004FBBC5;
			remoteInfo = zaragoza;
		};
/* End PBXContainerItemProxy section */

/* Begin PBXFileReference section */
		262861EE1D781D7B004FBBC5 /* zaragoza.app */ = {isa = PBXFileReference; explicitFileType = wrapper.application; includeInIndex = 0; path = zaragoza.app; sourceTree = BUILT_PRODUCTS_DIR; };
		262861F21D781D7B004FBBC5 /* main.m */ = {isa = PBXFileReference; lastKnownFileType = sourcecode.c.objc; path = main.m; sourceTree = "<group>"; };
		262861F41D781D7B004FBBC5 /* AppDelegate.h */ = {isa = PBXFileReference; lastKnownFileType = sourcecode.c.h; path = AppDelegate.h; sourceTree = "<group>"; };
		262861F51D781D7B004FBBC5 /* AppDelegate.m */ = {isa = PBXFileReference; lastKnownFileType = sourcecode.c.objc; path = AppDelegate.m; sourceTree = "<group>"; };
		262861F71D781D7B004FBBC5 /* ViewController.h */ = {isa = PBXFileReference; lastKnownFileType = sourcecode.c.h; path = ViewController.h; sourceTree = "<group>"; };
		262861F81D781D7B004FBBC5 /* ViewController.m */ = {isa = PBXFileReference; lastKnownFileType = sourcecode.c.objc; path = ViewController.m; sourceTree = "<group>"; };
		262861FB1D781D7B004FBBC5 /* Base */ = {isa = PBXFileReference; lastKnownFileType = file.storyboard; name = Base; path = Base.lproj/Main.storyboard; sourceTree = "<group>"; };
		262861FD1D781D7B004FBBC5 /* Assets.xcassets */ = {isa = PBXFileReference; lastKnownFileType = folder.assetcatalog; path = Assets.xcassets; sourceTree = "<group>"; };
		262862001D781D7B004FBBC5 /* Base */ = {isa = PBXFileReference; lastKnownFileType = file.storyboard; name = Base; path = Base.lproj/LaunchScreen.storyboard; sourceTree = "<group>"; };
		262862021D781D7B004FBBC5 /* Info.plist */ = {isa = PBXFileReference; lastKnownFileType = text.plist.xml; path = Info.plist; sourceTree = "<group>"; };
		262862071D781D7B004FBBC5 /* zaragozaTests.xctest */ = {isa = PBXFileReference; explicitFileType = wrapper.cfbundle; includeInIndex = 0; path = zaragozaTests.xctest; sourceTree = BUILT_PRODUCTS_DIR; };
		2628620B1D781D7B004FBBC5 /* zaragozaTests.m */ = {isa = PBXFileReference; lastKnownFileType = sourcecode.c.objc; path = zaragozaTests.m; sourceTree = "<group>"; };
		2628620D1D781D7B004FBBC5 /* Info.plist */ = {isa = PBXFileReference; lastKnownFileType = text.plist.xml; path = Info.plist; sourceTree = "<group>"; };
		262862121D781D7B004FBBC5 /* zaragozaUITests.xctest */ = {isa = PBXFileReference; explicitFileType = wrapper.cfbundle; includeInIndex = 0; path = zaragozaUITests.xctest; sourceTree = BUILT_PRODUCTS_DIR; };
		262862161D781D7B004FBBC5 /* zaragozaUITests.m */ = {isa = PBXFileReference; lastKnownFileType = sourcecode.c.objc; path = zaragozaUITests.m; sourceTree = "<group>"; };
		262862181D781D7B004FBBC5 /* Info.plist */ = {isa = PBXFileReference; lastKnownFileType = text.plist.xml; path = Info.plist; sourceTree = "<group>"; };
		285F8E3FB3DD02E0ABC6376D /* libPods-zaragoza.a */ = {isa = PBXFileReference; explicitFileType = archive.ar; includeInIndex = 0; path = "libPods-zaragoza.a"; sourceTree = BUILT_PRODUCTS_DIR; };
		B30766AC61D83CA0FD4A246A /* Pods-zaragoza.release.xcconfig */ = {isa = PBXFileReference; includeInIndex = 1; lastKnownFileType = text.xcconfig; name = "Pods-zaragoza.release.xcconfig"; path = "Pods/Target Support Files/Pods-zaragoza/Pods-zaragoza.release.xcconfig"; sourceTree = "<group>"; };
		FCF9CCF83640E3D9BBFAC764 /* Pods-zaragoza.debug.xcconfig */ = {isa = PBXFileReference; includeInIndex = 1; lastKnownFileType = text.xcconfig; name = "Pods-zaragoza.debug.xcconfig"; path = "Pods/Target Support Files/Pods-zaragoza/Pods-zaragoza.debug.xcconfig"; sourceTree = "<group>"; };
/* End PBXFileReference section */

/* Begin PBXFrameworksBuildPhase section */
		262861EB1D781D7B004FBBC5 /* Frameworks */ = {
			isa = PBXFrameworksBuildPhase;
			buildActionMask = 2147483647;
			files = (
				DE95BEC29BEFFA6040DE21C7 /* libPods-zaragoza.a in Frameworks */,
			);
			runOnlyForDeploymentPostprocessing = 0;
		};
		262862041D781D7B004FBBC5 /* Frameworks */ = {
			isa = PBXFrameworksBuildPhase;
			buildActionMask = 2147483647;
			files = (
			);
			runOnlyForDeploymentPostprocessing = 0;
		};
		2628620F1D781D7B004FBBC5 /* Frameworks */ = {
			isa = PBXFrameworksBuildPhase;
			buildActionMask = 2147483647;
			files = (
			);
			runOnlyForDeploymentPostprocessing = 0;
		};
/* End PBXFrameworksBuildPhase section */

/* Begin PBXGroup section */
		262861E51D781D7B004FBBC5 = {
			isa = PBXGroup;
			children = (
				262861F01D781D7B004FBBC5 /* zaragoza */,
				2628620A1D781D7B004FBBC5 /* zaragozaTests */,
				262862151D781D7B004FBBC5 /* zaragozaUITests */,
				262861EF1D781D7B004FBBC5 /* Products */,
				D6FD18ABB99B1C8FB98E8F24 /* Pods */,
				F2A46900EA63A3BB738AC2D5 /* Frameworks */,
			);
			sourceTree = "<group>";
		};
		262861EF1D781D7B004FBBC5 /* Products */ = {
			isa = PBXGroup;
			children = (
				262861EE1D781D7B004FBBC5 /* zaragoza.app */,
				262862071D781D7B004FBBC5 /* zaragozaTests.xctest */,
				262862121D781D7B004FBBC5 /* zaragozaUITests.xctest */,
			);
			name = Products;
			sourceTree = "<group>";
		};
		262861F01D781D7B004FBBC5 /* zaragoza */ = {
			isa = PBXGroup;
			children = (
				262861F41D781D7B004FBBC5 /* AppDelegate.h */,
				262861F51D781D7B004FBBC5 /* AppDelegate.m */,
				262861F71D781D7B004FBBC5 /* ViewController.h */,
				262861F81D781D7B004FBBC5 /* ViewController.m */,
				262861FA1D781D7B004FBBC5 /* Main.storyboard */,
				262861FD1D781D7B004FBBC5 /* Assets.xcassets */,
				262861FF1D781D7B004FBBC5 /* LaunchScreen.storyboard */,
				262862021D781D7B004FBBC5 /* Info.plist */,
				262861F11D781D7B004FBBC5 /* Supporting Files */,
			);
			path = zaragoza;
			sourceTree = "<group>";
		};
		262861F11D781D7B004FBBC5 /* Supporting Files */ = {
			isa = PBXGroup;
			children = (
				262861F21D781D7B004FBBC5 /* main.m */,
			);
			name = "Supporting Files";
			sourceTree = "<group>";
		};
		2628620A1D781D7B004FBBC5 /* zaragozaTests */ = {
			isa = PBXGroup;
			children = (
				2628620B1D781D7B004FBBC5 /* zaragozaTests.m */,
				2628620D1D781D7B004FBBC5 /* Info.plist */,
			);
			path = zaragozaTests;
			sourceTree = "<group>";
		};
		262862151D781D7B004FBBC5 /* zaragozaUITests */ = {
			isa = PBXGroup;
			children = (
				262862161D781D7B004FBBC5 /* zaragozaUITests.m */,
				262862181D781D7B004FBBC5 /* Info.plist */,
			);
			path = zaragozaUITests;
			sourceTree = "<group>";
		};
		D6FD18ABB99B1C8FB98E8F24 /* Pods */ = {
			isa = PBXGroup;
			children = (
				FCF9CCF83640E3D9BBFAC764 /* Pods-zaragoza.debug.xcconfig */,
				B30766AC61D83CA0FD4A246A /* Pods-zaragoza.release.xcconfig */,
			);
			name = Pods;
			sourceTree = "<group>";
		};
		F2A46900EA63A3BB738AC2D5 /* Frameworks */ = {
			isa = PBXGroup;
			children = (
				285F8E3FB3DD02E0ABC6376D /* libPods-zaragoza.a */,
			);
			name = Frameworks;
			sourceTree = "<group>";
		};
/* End PBXGroup section */

/* Begin PBXNativeTarget section */
		262861ED1D781D7B004FBBC5 /* zaragoza */ = {
			isa = PBXNativeTarget;
			buildConfigurationList = 2628621B1D781D7B004FBBC5 /* Build configuration list for PBXNativeTarget "zaragoza" */;
			buildPhases = (
				89D0D05355EC6DEB383ACB18 /* Check Pods Manifest.lock */,
				262861EA1D781D7B004FBBC5 /* Sources */,
				262861EB1D781D7B004FBBC5 /* Frameworks */,
				262861EC1D781D7B004FBBC5 /* Resources */,
				6C35B6912CD543CEEF1F4D9A /* Embed Pods Frameworks */,
				DBA29AA0A38F8AEEBB7F1A2D /* Copy Pods Resources */,
			);
			buildRules = (
			);
			dependencies = (
			);
			name = zaragoza;
			productName = zaragoza;
			productReference = 262861EE1D781D7B004FBBC5 /* zaragoza.app */;
			productType = "com.apple.product-type.application";
		};
		262862061D781D7B004FBBC5 /* zaragozaTests */ = {
			isa = PBXNativeTarget;
			buildConfigurationList = 2628621E1D781D7B004FBBC5 /* Build configuration list for PBXNativeTarget "zaragozaTests" */;
			buildPhases = (
				262862031D781D7B004FBBC5 /* Sources */,
				262862041D781D7B004FBBC5 /* Frameworks */,
				262862051D781D7B004FBBC5 /* Resources */,
			);
			buildRules = (
			);
			dependencies = (
				262862091D781D7B004FBBC5 /* PBXTargetDependency */,
			);
			name = zaragozaTests;
			productName = zaragozaTests;
			productReference = 262862071D781D7B004FBBC5 /* zaragozaTests.xctest */;
			productType = "com.apple.product-type.bundle.unit-test";
		};
		262862111D781D7B004FBBC5 /* zaragozaUITests */ = {
			isa = PBXNativeTarget;
			buildConfigurationList = 262862211D781D7B004FBBC5 /* Build configuration list for PBXNativeTarget "zaragozaUITests" */;
			buildPhases = (
				2628620E1D781D7B004FBBC5 /* Sources */,
				2628620F1D781D7B004FBBC5 /* Frameworks */,
				262862101D781D7B004FBBC5 /* Resources */,
			);
			buildRules = (
			);
			dependencies = (
				262862141D781D7B004FBBC5 /* PBXTargetDependency */,
			);
			name = zaragozaUITests;
			productName = zaragozaUITests;
			productReference = 262862121D781D7B004FBBC5 /* zaragozaUITests.xctest */;
			productType = "com.apple.product-type.bundle.ui-testing";
		};
/* End PBXNativeTarget section */

/* Begin PBXProject section */
		262861E61D781D7B004FBBC5 /* Project object */ = {
			isa = PBXProject;
			attributes = {
				LastUpgradeCheck = 0730;
				ORGANIZATIONNAME = "Sven Straubinger";
				TargetAttributes = {
					262861ED1D781D7B004FBBC5 = {
						CreatedOnToolsVersion = 7.3.1;
					};
					262862061D781D7B004FBBC5 = {
						CreatedOnToolsVersion = 7.3.1;
						TestTargetID = 262861ED1D781D7B004FBBC5;
					};
					262862111D781D7B004FBBC5 = {
						CreatedOnToolsVersion = 7.3.1;
						TestTargetID = 262861ED1D781D7B004FBBC5;
					};
				};
			};
			buildConfigurationList = 262861E91D781D7B004FBBC5 /* Build configuration list for PBXProject "zaragoza" */;
			compatibilityVersion = "Xcode 3.2";
			developmentRegion = English;
			hasScannedForEncodings = 0;
			knownRegions = (
				en,
				Base,
			);
			mainGroup = 262861E51D781D7B004FBBC5;
			productRefGroup = 262861EF1D781D7B004FBBC5 /* Products */;
			projectDirPath = "";
			projectRoot = "";
			targets = (
				262861ED1D781D7B004FBBC5 /* zaragoza */,
				262862061D781D7B004FBBC5 /* zaragozaTests */,
				262862111D781D7B004FBBC5 /* zaragozaUITests */,
			);
		};
/* End PBXProject section */

/* Begin PBXResourcesBuildPhase section */
		262861EC1D781D7B004FBBC5 /* Resources */ = {
			isa = PBXResourcesBuildPhase;
			buildActionMask = 2147483647;
			files = (
				262862011D781D7B004FBBC5 /* LaunchScreen.storyboard in Resources */,
				262861FE1D781D7B004FBBC5 /* Assets.xcassets in Resources */,
				262861FC1D781D7B004FBBC5 /* Main.storyboard in Resources */,
			);
			runOnlyForDeploymentPostprocessing = 0;
		};
		262862051D781D7B004FBBC5 /* Resources */ = {
			isa = PBXResourcesBuildPhase;
			buildActionMask = 2147483647;
			files = (
			);
			runOnlyForDeploymentPostprocessing = 0;
		};
		262862101D781D7B004FBBC5 /* Resources */ = {
			isa = PBXResourcesBuildPhase;
			buildActionMask = 2147483647;
			files = (
			);
			runOnlyForDeploymentPostprocessing = 0;
		};
/* End PBXResourcesBuildPhase section */

/* Begin PBXShellScriptBuildPhase section */
		6C35B6912CD543CEEF1F4D9A /* Embed Pods Frameworks */ = {
			isa = PBXShellScriptBuildPhase;
			buildActionMask = 2147483647;
			files = (
			);
			inputPaths = (
			);
			name = "Embed Pods Frameworks";
			outputPaths = (
			);
			runOnlyForDeploymentPostprocessing = 0;
			shellPath = /bin/sh;
			shellScript = "\"${SRCROOT}/Pods/Target Support Files/Pods-zaragoza/Pods-zaragoza-frameworks.sh\"\n";
			showEnvVarsInLog = 0;
		};
		89D0D05355EC6DEB383ACB18 /* Check Pods Manifest.lock */ = {
			isa = PBXShellScriptBuildPhase;
			buildActionMask = 2147483647;
			files = (
			);
			inputPaths = (
			);
			name = "Check Pods Manifest.lock";
			outputPaths = (
			);
			runOnlyForDeploymentPostprocessing = 0;
			shellPath = /bin/sh;
			shellScript = "diff \"${PODS_ROOT}/../Podfile.lock\" \"${PODS_ROOT}/Manifest.lock\" > /dev/null\nif [[ $? != 0 ]] ; then\n    cat << EOM\nerror: The sandbox is not in sync with the Podfile.lock. Run 'pod install' or update your CocoaPods installation.\nEOM\n    exit 1\nfi\n";
			showEnvVarsInLog = 0;
		};
		DBA29AA0A38F8AEEBB7F1A2D /* Copy Pods Resources */ = {
			isa = PBXShellScriptBuildPhase;
			buildActionMask = 2147483647;
			files = (
			);
			inputPaths = (
			);
			name = "Copy Pods Resources";
			outputPaths = (
			);
			runOnlyForDeploymentPostprocessing = 0;
			shellPath = /bin/sh;
			shellScript = "\"${SRCROOT}/Pods/Target Support Files/Pods-zaragoza/Pods-zaragoza-resources.sh\"\n";
			showEnvVarsInLog = 0;
		};
/* End PBXShellScriptBuildPhase section */

/* Begin PBXSourcesBuildPhase section */
		262861EA1D781D7B004FBBC5 /* Sources */ = {
			isa = PBXSourcesBuildPhase;
			buildActionMask = 2147483647;
			files = (
				262861F91D781D7B004FBBC5 /* ViewController.m in Sources */,
				262861F61D781D7B004FBBC5 /* AppDelegate.m in Sources */,
				262861F31D781D7B004FBBC5 /* main.m in Sources */,
			);
			runOnlyForDeploymentPostprocessing = 0;
		};
		262862031D781D7B004FBBC5 /* Sources */ = {
			isa = PBXSourcesBuildPhase;
			buildActionMask = 2147483647;
			files = (
				2628620C1D781D7B004FBBC5 /* zaragozaTests.m in Sources */,
			);
			runOnlyForDeploymentPostprocessing = 0;
		};
		2628620E1D781D7B004FBBC5 /* Sources */ = {
			isa = PBXSourcesBuildPhase;
			buildActionMask = 2147483647;
			files = (
				262862171D781D7B004FBBC5 /* zaragozaUITests.m in Sources */,
			);
			runOnlyForDeploymentPostprocessing = 0;
		};
/* End PBXSourcesBuildPhase section */

/* Begin PBXTargetDependency section */
		262862091D781D7B004FBBC5 /* PBXTargetDependency */ = {
			isa = PBXTargetDependency;
			target = 262861ED1D781D7B004FBBC5 /* zaragoza */;
			targetProxy = 262862081D781D7B004FBBC5 /* PBXContainerItemProxy */;
		};
		262862141D781D7B004FBBC5 /* PBXTargetDependency */ = {
			isa = PBXTargetDependency;
			target = 262861ED1D781D7B004FBBC5 /* zaragoza */;
			targetProxy = 262862131D781D7B004FBBC5 /* PBXContainerItemProxy */;
		};
/* End PBXTargetDependency section */

/* Begin PBXVariantGroup section */
		262861FA1D781D7B004FBBC5 /* Main.storyboard */ = {
			isa = PBXVariantGroup;
			children = (
				262861FB1D781D7B004FBBC5 /* Base */,
			);
			name = Main.storyboard;
			sourceTree = "<group>";
		};
		262861FF1D781D7B004FBBC5 /* LaunchScreen.storyboard */ = {
			isa = PBXVariantGroup;
			children = (
				262862001D781D7B004FBBC5 /* Base */,
			);
			name = LaunchScreen.storyboard;
			sourceTree = "<group>";
		};
/* End PBXVariantGroup section */

/* Begin XCBuildConfiguration section */
		262862191D781D7B004FBBC5 /* Debug */ = {
			isa = XCBuildConfiguration;
			buildSettings = {
				ALWAYS_SEARCH_USER_PATHS = NO;
				CLANG_ANALYZER_NONNULL = YES;
				CLANG_CXX_LANGUAGE_STANDARD = "gnu++0x";
				CLANG_CXX_LIBRARY = "libc++";
				CLANG_ENABLE_MODULES = YES;
				CLANG_ENABLE_OBJC_ARC = YES;
				CLANG_WARN_BOOL_CONVERSION = YES;
				CLANG_WARN_CONSTANT_CONVERSION = YES;
				CLANG_WARN_DIRECT_OBJC_ISA_USAGE = YES_ERROR;
				CLANG_WARN_EMPTY_BODY = YES;
				CLANG_WARN_ENUM_CONVERSION = YES;
				CLANG_WARN_INT_CONVERSION = YES;
				CLANG_WARN_OBJC_ROOT_CLASS = YES_ERROR;
				CLANG_WARN_UNREACHABLE_CODE = YES;
				CLANG_WARN__DUPLICATE_METHOD_MATCH = YES;
				"CODE_SIGN_IDENTITY[sdk=iphoneos*]" = "iPhone Developer";
				COPY_PHASE_STRIP = NO;
				DEBUG_INFORMATION_FORMAT = dwarf;
				ENABLE_STRICT_OBJC_MSGSEND = YES;
				ENABLE_TESTABILITY = YES;
				GCC_C_LANGUAGE_STANDARD = gnu99;
				GCC_DYNAMIC_NO_PIC = NO;
				GCC_NO_COMMON_BLOCKS = YES;
				GCC_OPTIMIZATION_LEVEL = 0;
				GCC_PREPROCESSOR_DEFINITIONS = (
					"DEBUG=1",
					"$(inherited)",
				);
				GCC_WARN_64_TO_32_BIT_CONVERSION = YES;
				GCC_WARN_ABOUT_RETURN_TYPE = YES_ERROR;
				GCC_WARN_UNDECLARED_SELECTOR = YES;
				GCC_WARN_UNINITIALIZED_AUTOS = YES_AGGRESSIVE;
				GCC_WARN_UNUSED_FUNCTION = YES;
				GCC_WARN_UNUSED_VARIABLE = YES;
				IPHONEOS_DEPLOYMENT_TARGET = 9.3;
				MTL_ENABLE_DEBUG_INFO = YES;
				ONLY_ACTIVE_ARCH = YES;
				SDKROOT = iphoneos;
			};
			name = Debug;
		};
		2628621A1D781D7B004FBBC5 /* Release */ = {
			isa = XCBuildConfiguration;
			buildSettings = {
				ALWAYS_SEARCH_USER_PATHS = NO;
				CLANG_ANALYZER_NONNULL = YES;
				CLANG_CXX_LANGUAGE_STANDARD = "gnu++0x";
				CLANG_CXX_LIBRARY = "libc++";
				CLANG_ENABLE_MODULES = YES;
				CLANG_ENABLE_OBJC_ARC = YES;
				CLANG_WARN_BOOL_CONVERSION = YES;
				CLANG_WARN_CONSTANT_CONVERSION = YES;
				CLANG_WARN_DIRECT_OBJC_ISA_USAGE = YES_ERROR;
				CLANG_WARN_EMPTY_BODY = YES;
				CLANG_WARN_ENUM_CONVERSION = YES;
				CLANG_WARN_INT_CONVERSION = YES;
				CLANG_WARN_OBJC_ROOT_CLASS = YES_ERROR;
				CLANG_WARN_UNREACHABLE_CODE = YES;
				CLANG_WARN__DUPLICATE_METHOD_MATCH = YES;
				"CODE_SIGN_IDENTITY[sdk=iphoneos*]" = "iPhone Developer";
				COPY_PHASE_STRIP = NO;
				DEBUG_INFORMATION_FORMAT = "dwarf-with-dsym";
				ENABLE_NS_ASSERTIONS = NO;
				ENABLE_STRICT_OBJC_MSGSEND = YES;
				GCC_C_LANGUAGE_STANDARD = gnu99;
				GCC_NO_COMMON_BLOCKS = YES;
				GCC_WARN_64_TO_32_BIT_CONVERSION = YES;
				GCC_WARN_ABOUT_RETURN_TYPE = YES_ERROR;
				GCC_WARN_UNDECLARED_SELECTOR = YES;
				GCC_WARN_UNINITIALIZED_AUTOS = YES_AGGRESSIVE;
				GCC_WARN_UNUSED_FUNCTION = YES;
				GCC_WARN_UNUSED_VARIABLE = YES;
				IPHONEOS_DEPLOYMENT_TARGET = 9.3;
				MTL_ENABLE_DEBUG_INFO = NO;
				SDKROOT = iphoneos;
				VALIDATE_PRODUCT = YES;
			};
			name = Release;
		};
		2628621C1D781D7B004FBBC5 /* Debug */ = {
			isa = XCBuildConfiguration;
			baseConfigurationReference = FCF9CCF83640E3D9BBFAC764 /* Pods-zaragoza.debug.xcconfig */;
			buildSettings = {
				ASSETCATALOG_COMPILER_APPICON_NAME = AppIcon;
				INFOPLIST_FILE = zaragoza/Info.plist;
				IPHONEOS_DEPLOYMENT_TARGET = 9.0;
				LD_RUNPATH_SEARCH_PATHS = "$(inherited) @executable_path/Frameworks";
				PRODUCT_BUNDLE_IDENTIFIER = de.app.zeitfenster.zaragoza;
				PRODUCT_NAME = "$(TARGET_NAME)";
			};
			name = Debug;
		};
		2628621D1D781D7B004FBBC5 /* Release */ = {
			isa = XCBuildConfiguration;
			baseConfigurationReference = B30766AC61D83CA0FD4A246A /* Pods-zaragoza.release.xcconfig */;
			buildSettings = {
				ASSETCATALOG_COMPILER_APPICON_NAME = AppIcon;
				INFOPLIST_FILE = zaragoza/Info.plist;
				IPHONEOS_DEPLOYMENT_TARGET = 9.0;
				LD_RUNPATH_SEARCH_PATHS = "$(inherited) @executable_path/Frameworks";
				PRODUCT_BUNDLE_IDENTIFIER = de.app.zeitfenster.zaragoza;
				PRODUCT_NAME = "$(TARGET_NAME)";
			};
			name = Release;
		};
		2628621F1D781D7B004FBBC5 /* Debug */ = {
			isa = XCBuildConfiguration;
			buildSettings = {
				BUNDLE_LOADER = "$(TEST_HOST)";
				INFOPLIST_FILE = zaragozaTests/Info.plist;
				LD_RUNPATH_SEARCH_PATHS = "$(inherited) @executable_path/Frameworks @loader_path/Frameworks";
				PRODUCT_BUNDLE_IDENTIFIER = de.app.zeitfenster.zaragozaTests;
				PRODUCT_NAME = "$(TARGET_NAME)";
				TEST_HOST = "$(BUILT_PRODUCTS_DIR)/zaragoza.app/zaragoza";
			};
			name = Debug;
		};
		262862201D781D7B004FBBC5 /* Release */ = {
			isa = XCBuildConfiguration;
			buildSettings = {
				BUNDLE_LOADER = "$(TEST_HOST)";
				INFOPLIST_FILE = zaragozaTests/Info.plist;
				LD_RUNPATH_SEARCH_PATHS = "$(inherited) @executable_path/Frameworks @loader_path/Frameworks";
				PRODUCT_BUNDLE_IDENTIFIER = de.app.zeitfenster.zaragozaTests;
				PRODUCT_NAME = "$(TARGET_NAME)";
				TEST_HOST = "$(BUILT_PRODUCTS_DIR)/zaragoza.app/zaragoza";
			};
			name = Release;
		};
		262862221D781D7B004FBBC5 /* Debug */ = {
			isa = XCBuildConfiguration;
			buildSettings = {
				INFOPLIST_FILE = zaragozaUITests/Info.plist;
				LD_RUNPATH_SEARCH_PATHS = "$(inherited) @executable_path/Frameworks @loader_path/Frameworks";
				PRODUCT_BUNDLE_IDENTIFIER = de.app.zeitfenster.zaragozaUITests;
				PRODUCT_NAME = "$(TARGET_NAME)";
				TEST_TARGET_NAME = zaragoza;
			};
			name = Debug;
		};
		262862231D781D7B004FBBC5 /* Release */ = {
			isa = XCBuildConfiguration;
			buildSettings = {
				INFOPLIST_FILE = zaragozaUITests/Info.plist;
				LD_RUNPATH_SEARCH_PATHS = "$(inherited) @executable_path/Frameworks @loader_path/Frameworks";
				PRODUCT_BUNDLE_IDENTIFIER = de.app.zeitfenster.zaragozaUITests;
				PRODUCT_NAME = "$(TARGET_NAME)";
				TEST_TARGET_NAME = zaragoza;
			};
			name = Release;
		};
/* End XCBuildConfiguration section */

/* Begin XCConfigurationList section */
		262861E91D781D7B004FBBC5 /* Build configuration list for PBXProject "zaragoza" */ = {
			isa = XCConfigurationList;
			buildConfigurations = (
				262862191D781D7B004FBBC5 /* Debug */,
				2628621A1D781D7B004FBBC5 /* Release */,
			);
			defaultConfigurationIsVisible = 0;
			defaultConfigurationName = Release;
		};
		2628621B1D781D7B004FBBC5 /* Build configuration list for PBXNativeTarget "zaragoza" */ = {
			isa = XCConfigurationList;
			buildConfigurations = (
				2628621C1D781D7B004FBBC5 /* Debug */,
				2628621D1D781D7B004FBBC5 /* Release */,
			);
			defaultConfigurationIsVisible = 0;
			defaultConfigurationName = Release;
		};
		2628621E1D781D7B004FBBC5 /* Build configuration list for PBXNativeTarget "zaragozaTests" */ = {
			isa = XCConfigurationList;
			buildConfigurations = (
				2628621F1D781D7B004FBBC5 /* Debug */,
				262862201D781D7B004FBBC5 /* Release */,
			);
			defaultConfigurationIsVisible = 0;
			defaultConfigurationName = Release;
		};
		262862211D781D7B004FBBC5 /* Build configuration list for PBXNativeTarget "zaragozaUITests" */ = {
			isa = XCConfigurationList;
			buildConfigurations = (
				262862221D781D7B004FBBC5 /* Debug */,
				262862231D781D7B004FBBC5 /* Release */,
			);
			defaultConfigurationIsVisible = 0;
			defaultConfigurationName = Release;
		};
/* End XCConfigurationList section */
	};
	rootObject = 262861E61D781D7B004FBBC5 /* Project object */;
}
